{
  "originHash" : "4aa41523f6f0c72601487976b92a185007a1209f54a46db5a42dcc2ac158ad41",
  "pins" : [
    {
      "identity" : "fantasykit",
      "kind" : "remoteSourceControl",
      "location" : "https://github.com/shermdiggity/FantasyKit",
      "state" : {
        "revision" : "c2dff1b9e150f3a030f313f2c323cff6890a95dc",
        "version" : "0.2.4"
      }
    }
  ],
  "version" : 3
}
