{
  "originHash" : "4aa41523f6f0c72601487976b92a185007a1209f54a46db5a42dcc2ac158ad41",
  "pins" : [
    {
      "identity" : "fantasykit",
      "kind" : "remoteSourceControl",
      "location" : "https://github.com/shermdiggity/FantasyKit",
      "state" : {
        "revision" : "d37cbd9ce35e999bbb29737f3436fe0c729a7b7e",
        "version" : "0.2.2"
      }
    }
  ],
  "version" : 3
}
