{
  "originHash" : "4aa41523f6f0c72601487976b92a185007a1209f54a46db5a42dcc2ac158ad41",
  "pins" : [
    {
      "identity" : "fantasykit",
      "kind" : "remoteSourceControl",
      "location" : "https://github.com/shermdiggity/FantasyKit",
      "state" : {
        "revision" : "098b20a47a9a02686ddf322ee6174c05803afc5d",
        "version" : "0.2.0"
      }
    }
  ],
  "version" : 3
}
